# This file is automatically @generated by Wally.
# It is not intended for manual editing.
registry = "test"

[[package]]
name = "alicesaidhi/jabby"
version = "0.2.0-rc.5"
dependencies = [["jecs", "ukendio/jecs@0.4.0"], ["pebble", "alicesaidhi/pebble@0.1.0-rc.9"], ["t", "corecii/greentea@0.4.10"], ["vide", "centau/vide@0.3.1"]]

[[package]]
name = "alicesaidhi/pebble"
version = "0.1.0-rc.9"
dependencies = [["vide", "centau/vide@0.3.1"]]

[[package]]
name = "centau/vide"
version = "0.3.1"
dependencies = []

[[package]]
name = "corecii/greentea"
version = "0.4.10"
dependencies = []

[[package]]
name = "ffrostfall/luausignal"
version = "0.3.0"
dependencies = []

[[package]]
name = "ffrostfall/sduioajfodslg"
version = "0.1.0"
dependencies = [["jabby", "alicesaidhi/jabby@0.2.0-rc.5"], ["signal", "ffrostfall/luausignal@0.3.0"]]

[[package]]
name = "ukendio/jecs"
version = "0.4.0"
dependencies = []
